
Microsoft Visual Studio Solution File, Format Version 12.00
Project("{FAE04EC0-301F-11D3-BF4B-00C04F79EFBC}") = "UniversityApp", "UniversityApp.csproj", "{373BD95C-64E9-40EF-A297-382A5355C328}"
EndProject
Global
	GlobalSection(SolutionConfigurationPlatforms) = preSolution
		Debug|Any CPU = Debug|Any CPU
		Release|Any CPU = Release|Any CPU
	EndGlobalSection
	GlobalSection(ProjectConfigurationPlatforms) = postSolution
		{373BD95C-64E9-40EF-A297-382A5355C328}.Debug|Any CPU.ActiveCfg = Debug|Any CPU
		{373BD95C-64E9-40EF-A297-382A5355C328}.Debug|Any CPU.Build.0 = Debug|Any CPU
		{373BD95C-64E9-40EF-A297-382A5355C328}.Release|Any CPU.ActiveCfg = Release|Any CPU
		{373BD95C-64E9-40EF-A297-382A5355C328}.Release|Any CPU.Build.0 = Release|Any CPU
	EndGlobalSection
EndGlobal
